
Microsoft Visual Studio Solution File, Format Version 12.00
# Visual Studio 15
VisualStudioVersion = 15.0.28307.705
MinimumVisualStudioVersion = 10.0.40219.1
Project("{FAE04EC0-301F-11D3-BF4B-00C04F79EFBC}") = "MVC(Vista)", "MVC(Vista)\MVC(Vista).csproj", "{6968E083-8BF7-424E-BF6A-10C826426142}"
EndProject
Project("{FAE04EC0-301F-11D3-BF4B-00C04F79EFBC}") = "MODELO", "MODELO\MODELO.csproj", "{BCDC9BA0-8354-461C-9973-9E2F0D44F219}"
EndProject
Project("{FAE04EC0-301F-11D3-BF4B-00C04F79EFBC}") = "CONTROLADOR", "CONTROLADOR\CONTROLADOR.csproj", "{65BE677D-623A-4D27-8EBF-FD8661C78712}"
EndProject
Global
	GlobalSection(SolutionConfigurationPlatforms) = preSolution
		Debug|Any CPU = Debug|Any CPU
		Release|Any CPU = Release|Any CPU
	EndGlobalSection
	GlobalSection(ProjectConfigurationPlatforms) = postSolution
		{6968E083-8BF7-424E-BF6A-10C826426142}.Debug|Any CPU.ActiveCfg = Debug|Any CPU
		{6968E083-8BF7-424E-BF6A-10C826426142}.Debug|Any CPU.Build.0 = Debug|Any CPU
		{6968E083-8BF7-424E-BF6A-10C826426142}.Release|Any CPU.ActiveCfg = Release|Any CPU
		{6968E083-8BF7-424E-BF6A-10C826426142}.Release|Any CPU.Build.0 = Release|Any CPU
		{BCDC9BA0-8354-461C-9973-9E2F0D44F219}.Debug|Any CPU.ActiveCfg = Debug|Any CPU
		{BCDC9BA0-8354-461C-9973-9E2F0D44F219}.Debug|Any CPU.Build.0 = Debug|Any CPU
		{BCDC9BA0-8354-461C-9973-9E2F0D44F219}.Release|Any CPU.ActiveCfg = Release|Any CPU
		{BCDC9BA0-8354-461C-9973-9E2F0D44F219}.Release|Any CPU.Build.0 = Release|Any CPU
		{65BE677D-623A-4D27-8EBF-FD8661C78712}.Debug|Any CPU.ActiveCfg = Debug|Any CPU
		{65BE677D-623A-4D27-8EBF-FD8661C78712}.Debug|Any CPU.Build.0 = Debug|Any CPU
		{65BE677D-623A-4D27-8EBF-FD8661C78712}.Release|Any CPU.ActiveCfg = Release|Any CPU
		{65BE677D-623A-4D27-8EBF-FD8661C78712}.Release|Any CPU.Build.0 = Release|Any CPU
	EndGlobalSection
	GlobalSection(SolutionProperties) = preSolution
		HideSolutionNode = FALSE
	EndGlobalSection
	GlobalSection(ExtensibilityGlobals) = postSolution
		SolutionGuid = {B4755B7C-B889-4D6A-8B7C-5B2F3E8C16FE}
	EndGlobalSection
EndGlobal
